{
  "version": 4,
  "terraform_version": "1.1.9",
  "serial": 256,
  "lineage": "cf02d9ba-9df4-c3d5-43b3-1544bf2b3104",
  "outputs": {},
  "resources": [
    {
      "mode": "managed",
      "type": "yandex_compute_instance",
      "name": "peervpn",
      "provider": "provider[\"registry.terraform.io/yandex-cloud/yandex\"]",
      "instances": [
        {
          "schema_version": 1,
          "attributes": {
            "allow_recreate": null,
            "allow_stopping_for_update": true,
            "boot_disk": [
              {
                "auto_delete": true,
                "device_name": "ef3obteu2qvf5v0s9njh",
                "disk_id": "ef3obteu2qvf5v0s9njh",
                "initialize_params": [
                  {
                    "block_size": 4096,
                    "description": "",
                    "image_id": "fd8t3akk0neg8s7ub31q",
                    "name": "",
                    "size": 5,
                    "snapshot_id": "",
                    "type": "network-hdd"
                  }
                ],
                "mode": "READ_WRITE"
              }
            ],
            "created_at": "2022-05-17T22:08:31Z",
            "description": "",
            "folder_id": "b1g70f77p06273c2daor",
            "fqdn": "ef3f5aqu5tpub94rk9kp.auto.internal",
            "hostname": "ef3f5aqu5tpub94rk9kp",
            "id": "ef3f5aqu5tpub94rk9kp",
            "labels": null,
            "metadata": {
              "user-data": "#cloud-config\ndatasource:\n  Ec2:\n    strict_id: false\nssh_pwauth: no\nusers:\n- name: devops\n  sudo: ALL=(ALL) NOPASSWD:ALL\n  shell: /bin/bash\n  ssh-authorized-keys:\n    - ssh-rsa AAAAB3NzaC1yc2EAAAADAQABAAABgQDMpU4aITDC8OV0GNy4qPYw07DGqWn5C9fGHTIOzXgLvY65iYh3VRj6p7wxB6B9zQ/o7a0F2NnwoR12t38+XXDxmIiIRJyn654Sq8HJOewVEF7z0grar2Qmvg2vcPm+01Z5bVt6oE3bc2cV2jMAbpW0SkefXMHVxP7y7rFp8jiadYtJOJ8jfSlkizzKYsnk6NsKkclu1ycDNNFn1kkmAmkwTdj4QvtGMmOkzCXL6hbi7NmYuKrM11B44t0E1sEdvdhh4FvQjS0KXMLsJ6ARx7/P6TwgnG92Z07B4Ijo6W1YSQbSejL9SiZxC4T0JMu4uhfQ7uni1wZOSxLJFhea6IowaD0l4XzwLAbVTJxOSRKpvp41uj7AjpWFqp5NEKHCDYDWUUPc3iw/YNN09Vyzw/NbLDVWXXMWXi0g6ln1KXQ9YQr1DcKdNMND8RikghPJaXn2KoNsA75oTj3wpYNQSH0IXR+0XY8KGSL5JqG6tud9dXzf/axxXFxRETtxA+UHr3M= rsa-key-20200323 Kirill Kuchma\n"
            },
            "name": "",
            "network_acceleration_type": "standard",
            "network_interface": [
              {
                "dns_record": [],
                "index": 0,
                "ip_address": "10.110.0.4",
                "ipv4": true,
                "ipv6": false,
                "ipv6_address": "",
                "ipv6_dns_record": [],
                "mac_address": "d0:0d:f2:ab:5e:2f",
                "nat": true,
                "nat_dns_record": [],
                "nat_ip_address": "51.250.37.146",
                "nat_ip_version": "IPV4",
                "security_group_ids": [],
                "subnet_id": "b0c9diolr2pimppdrb9s"
              }
            ],
            "placement_policy": [
              {
                "host_affinity_rules": [],
                "placement_group_id": ""
              }
            ],
            "platform_id": "standard-v2",
            "resources": [
              {
                "core_fraction": 5,
                "cores": 2,
                "gpus": 0,
                "memory": 0.5
              }
            ],
            "scheduling_policy": [
              {
                "preemptible": false
              }
            ],
            "secondary_disk": [],
            "service_account_id": "",
            "status": "running",
            "timeouts": null,
            "zone": "ru-central1-c"
          },
          "sensitive_attributes": [],
          "private": "eyJlMmJmYjczMC1lY2FhLTExZTYtOGY4OC0zNDM2M2JjN2M0YzAiOnsiY3JlYXRlIjozMDAwMDAwMDAwMDAsImRlbGV0ZSI6MzAwMDAwMDAwMDAwLCJ1cGRhdGUiOjMwMDAwMDAwMDAwMH0sInNjaGVtYV92ZXJzaW9uIjoiMSJ9",
          "dependencies": [
            "yandex_vpc_network.peervpn-net",
            "yandex_vpc_subnet.peervpn-subnet"
          ],
          "create_before_destroy": true
        }
      ]
    },
    {
      "mode": "managed",
      "type": "yandex_vpc_network",
      "name": "peervpn-net",
      "provider": "provider[\"registry.terraform.io/yandex-cloud/yandex\"]",
      "instances": [
        {
          "schema_version": 0,
          "attributes": {
            "created_at": "2022-05-17T22:08:28Z",
            "default_security_group_id": "",
            "description": "",
            "folder_id": "b1g70f77p06273c2daor",
            "id": "enpngnivsao7v647p9ut",
            "labels": {},
            "name": "peervpn-net",
            "subnet_ids": [],
            "timeouts": null
          },
          "sensitive_attributes": [],
          "private": "eyJlMmJmYjczMC1lY2FhLTExZTYtOGY4OC0zNDM2M2JjN2M0YzAiOnsiY3JlYXRlIjo2MDAwMDAwMDAwMCwiZGVsZXRlIjo2MDAwMDAwMDAwMCwidXBkYXRlIjo2MDAwMDAwMDAwMH19",
          "create_before_destroy": true
        }
      ]
    },
    {
      "mode": "managed",
      "type": "yandex_vpc_subnet",
      "name": "peervpn-subnet",
      "provider": "provider[\"registry.terraform.io/yandex-cloud/yandex\"]",
      "instances": [
        {
          "schema_version": 0,
          "attributes": {
            "created_at": "2022-05-17T22:08:30Z",
            "description": "",
            "dhcp_options": [],
            "folder_id": "b1g70f77p06273c2daor",
            "id": "b0c9diolr2pimppdrb9s",
            "labels": {},
            "name": "",
            "network_id": "enpngnivsao7v647p9ut",
            "route_table_id": "",
            "timeouts": null,
            "v4_cidr_blocks": [
              "10.110.0.0/24"
            ],
            "v6_cidr_blocks": [],
            "zone": "ru-central1-c"
          },
          "sensitive_attributes": [],
          "private": "eyJlMmJmYjczMC1lY2FhLTExZTYtOGY4OC0zNDM2M2JjN2M0YzAiOnsiY3JlYXRlIjoxODAwMDAwMDAwMDAsImRlbGV0ZSI6MTgwMDAwMDAwMDAwLCJ1cGRhdGUiOjE4MDAwMDAwMDAwMH19",
          "dependencies": [
            "yandex_vpc_network.peervpn-net"
          ],
          "create_before_destroy": true
        }
      ]
    },
    {
      "module": "module.ansible_provisioner",
      "mode": "data",
      "type": "archive_file",
      "name": "default",
      "provider": "provider[\"registry.terraform.io/hashicorp/archive\"]",
      "instances": [
        {
          "schema_version": 0,
          "attributes": {
            "excludes": null,
            "id": "31763490c3ce8a228227a18ec49005fb164f14bd",
            "output_base64sha256": "u4EA5kyEGkJPnU9f8JW/r8F69hvlkyzWh75M6miaRL0=",
            "output_file_mode": null,
            "output_md5": "9ce096d830dd3438393980b7016006fb",
            "output_path": ".terraform/modules/ansible_provisioner/bba448308776c388.zip",
            "output_sha": "31763490c3ce8a228227a18ec49005fb164f14bd",
            "output_size": 6476001390,
            "source": [],
            "source_content": null,
            "source_content_filename": null,
            "source_dir": ".",
            "source_file": null,
            "type": "zip"
          },
          "sensitive_attributes": []
        }
      ]
    },
    {
      "module": "module.ansible_provisioner",
      "mode": "managed",
      "type": "null_resource",
      "name": "cleanup",
      "provider": "provider[\"registry.terraform.io/hashicorp/null\"]",
      "instances": [
        {
          "schema_version": 0,
          "attributes": {
            "id": "1795958554717287025",
            "triggers": {
              "default": "bba448308776c388"
            }
          },
          "sensitive_attributes": [],
          "private": "bnVsbA==",
          "dependencies": [
            "module.ansible_provisioner.data.archive_file.default",
            "module.ansible_provisioner.random_id.default"
          ]
        }
      ]
    },
    {
      "module": "module.ansible_provisioner",
      "mode": "managed",
      "type": "null_resource",
      "name": "provisioner",
      "provider": "provider[\"registry.terraform.io/hashicorp/null\"]",
      "instances": [
        {
          "index_key": 0,
          "schema_version": 0,
          "attributes": {
            "id": "3879854913639298121",
            "triggers": {
              "command": "ansible-playbook  -vvv --user=devops --private-key=./id_rsa -e host=51.250.37.146 -e user=devops ./playbook.yml",
              "signature": "9ce096d830dd3438393980b7016006fb"
            }
          },
          "sensitive_attributes": [],
          "private": "bnVsbA==",
          "dependencies": [
            "module.ansible_provisioner.data.archive_file.default",
            "module.ansible_provisioner.random_id.default",
            "yandex_compute_instance.peervpn",
            "yandex_vpc_network.peervpn-net",
            "yandex_vpc_subnet.peervpn-subnet"
          ],
          "create_before_destroy": true
        }
      ]
    },
    {
      "module": "module.ansible_provisioner",
      "mode": "managed",
      "type": "random_id",
      "name": "default",
      "provider": "provider[\"registry.terraform.io/hashicorp/random\"]",
      "instances": [
        {
          "schema_version": 0,
          "attributes": {
            "b64_std": "u6RIMId2w4g=",
            "b64_url": "u6RIMId2w4g",
            "byte_length": 8,
            "dec": "13521011354541409160",
            "hex": "bba448308776c388",
            "id": "u6RIMId2w4g",
            "keepers": null,
            "prefix": null
          },
          "sensitive_attributes": [],
          "private": "bnVsbA==",
          "create_before_destroy": true
        }
      ]
    }
  ]
}
